
Microsoft Visual Studio Solution File, Format Version 12.00
# Visual Studio Version 17
VisualStudioVersion = 17.14.36811.4 d17.14
MinimumVisualStudioVersion = 10.0.40219.1
Project("{FAE04EC0-301F-11D3-BF4B-00C04F79EFBC}") = "reminder-schedule-backend", "reminder-schedule-backend.csproj", "{3018F678-2132-4762-A3EB-3522B2486AA4}"
EndProject
Global
	GlobalSection(SolutionConfigurationPlatforms) = preSolution
		Debug|Any CPU = Debug|Any CPU
		Release|Any CPU = Release|Any CPU
	EndGlobalSection
	GlobalSection(ProjectConfigurationPlatforms) = postSolution
		{3018F678-2132-4762-A3EB-3522B2486AA4}.Debug|Any CPU.ActiveCfg = Debug|Any CPU
		{3018F678-2132-4762-A3EB-3522B2486AA4}.Debug|Any CPU.Build.0 = Debug|Any CPU
		{3018F678-2132-4762-A3EB-3522B2486AA4}.Release|Any CPU.ActiveCfg = Release|Any CPU
		{3018F678-2132-4762-A3EB-3522B2486AA4}.Release|Any CPU.Build.0 = Release|Any CPU
	EndGlobalSection
	GlobalSection(SolutionProperties) = preSolution
		HideSolutionNode = FALSE
	EndGlobalSection
	GlobalSection(ExtensibilityGlobals) = postSolution
		SolutionGuid = {8C746EC6-17F7-43F8-AB1F-F051226D793E}
	EndGlobalSection
EndGlobal
